
Microsoft Visual Studio Solution File, Format Version 12.00
# Visual Studio Version 17
VisualStudioVersion = 17.9.34701.34
MinimumVisualStudioVersion = 10.0.40219.1
Project("{2150E333-8FDC-42A3-9474-1A3956D46DE8}") = "Services", "Services", "{A80CD3D4-DE32-40F1-82C1-9FCEDA696E28}"
EndProject
Project("{2150E333-8FDC-42A3-9474-1A3956D46DE8}") = "Catalog", "Catalog", "{80ED7BFC-269E-4722-8C14-39C299E91BCE}"
EndProject
Project("{9A19103F-16F7-4668-BE54-9A1E7A4F7556}") = "Catalog.API", "Services\Catalog\Catalog.API\Catalog.API.csproj", "{8B10F011-B597-4A93-A27F-A6C9033B3581}"
EndProject
Project("{2150E333-8FDC-42A3-9474-1A3956D46DE8}") = "BuildingBlocks", "BuildingBlocks", "{1BE4A507-C7DF-4C74-8518-C2D678DC9E41}"
EndProject
Project("{9A19103F-16F7-4668-BE54-9A1E7A4F7556}") = "BuildingBlocks", "BuildingBlocks\BuildingBlocks\BuildingBlocks.csproj", "{9B487F9A-6954-4305-AB84-382E314162B7}"
EndProject
Project("{E53339B2-1760-4266-BCC7-CA923CBCF16C}") = "docker-compose", "docker-compose.dcproj", "{5516E64D-C214-4EA2-BCF1-C75B1AB73470}"
EndProject
Project("{2150E333-8FDC-42A3-9474-1A3956D46DE8}") = "Basket", "Basket", "{CC2D84F9-5255-4E4C-BB9C-8018AC2219DF}"
EndProject
Project("{FAE04EC0-301F-11D3-BF4B-00C04F79EFBC}") = "Basket.API", "Services\Basket\Basket.API\Basket.API.csproj", "{F3887139-3DCF-41E7-A88F-AA5E907858A6}"
EndProject
Global
	GlobalSection(SolutionConfigurationPlatforms) = preSolution
		Debug|Any CPU = Debug|Any CPU
		Release|Any CPU = Release|Any CPU
	EndGlobalSection
	GlobalSection(ProjectConfigurationPlatforms) = postSolution
		{8B10F011-B597-4A93-A27F-A6C9033B3581}.Debug|Any CPU.ActiveCfg = Debug|Any CPU
		{8B10F011-B597-4A93-A27F-A6C9033B3581}.Debug|Any CPU.Build.0 = Debug|Any CPU
		{8B10F011-B597-4A93-A27F-A6C9033B3581}.Release|Any CPU.ActiveCfg = Release|Any CPU
		{8B10F011-B597-4A93-A27F-A6C9033B3581}.Release|Any CPU.Build.0 = Release|Any CPU
		{9B487F9A-6954-4305-AB84-382E314162B7}.Debug|Any CPU.ActiveCfg = Debug|Any CPU
		{9B487F9A-6954-4305-AB84-382E314162B7}.Debug|Any CPU.Build.0 = Debug|Any CPU
		{9B487F9A-6954-4305-AB84-382E314162B7}.Release|Any CPU.ActiveCfg = Release|Any CPU
		{9B487F9A-6954-4305-AB84-382E314162B7}.Release|Any CPU.Build.0 = Release|Any CPU
		{5516E64D-C214-4EA2-BCF1-C75B1AB73470}.Debug|Any CPU.ActiveCfg = Debug|Any CPU
		{5516E64D-C214-4EA2-BCF1-C75B1AB73470}.Debug|Any CPU.Build.0 = Debug|Any CPU
		{5516E64D-C214-4EA2-BCF1-C75B1AB73470}.Release|Any CPU.ActiveCfg = Release|Any CPU
		{5516E64D-C214-4EA2-BCF1-C75B1AB73470}.Release|Any CPU.Build.0 = Release|Any CPU
		{F3887139-3DCF-41E7-A88F-AA5E907858A6}.Debug|Any CPU.ActiveCfg = Debug|Any CPU
		{F3887139-3DCF-41E7-A88F-AA5E907858A6}.Debug|Any CPU.Build.0 = Debug|Any CPU
		{F3887139-3DCF-41E7-A88F-AA5E907858A6}.Release|Any CPU.ActiveCfg = Release|Any CPU
		{F3887139-3DCF-41E7-A88F-AA5E907858A6}.Release|Any CPU.Build.0 = Release|Any CPU
	EndGlobalSection
	GlobalSection(SolutionProperties) = preSolution
		HideSolutionNode = FALSE
	EndGlobalSection
	GlobalSection(NestedProjects) = preSolution
		{80ED7BFC-269E-4722-8C14-39C299E91BCE} = {A80CD3D4-DE32-40F1-82C1-9FCEDA696E28}
		{8B10F011-B597-4A93-A27F-A6C9033B3581} = {80ED7BFC-269E-4722-8C14-39C299E91BCE}
		{9B487F9A-6954-4305-AB84-382E314162B7} = {1BE4A507-C7DF-4C74-8518-C2D678DC9E41}
		{CC2D84F9-5255-4E4C-BB9C-8018AC2219DF} = {A80CD3D4-DE32-40F1-82C1-9FCEDA696E28}
		{F3887139-3DCF-41E7-A88F-AA5E907858A6} = {CC2D84F9-5255-4E4C-BB9C-8018AC2219DF}
	EndGlobalSection
	GlobalSection(ExtensibilityGlobals) = postSolution
		SolutionGuid = {CD1640A2-7153-4D24-913A-C6D7618F3A85}
	EndGlobalSection
EndGlobal
